
Microsoft Visual Studio Solution File, Format Version 12.00
# Visual Studio Version 17
VisualStudioVersion = 17.5.33516.290
MinimumVisualStudioVersion = 10.0.40219.1
Project("{FAE04EC0-301F-11D3-BF4B-00C04F79EFBC}") = "Payroll", "Payroll Application\Payroll.csproj", "{721C38D5-6941-40C0-A20A-4A0D0D4FFEA7}"
EndProject
Project("{FAE04EC0-301F-11D3-BF4B-00C04F79EFBC}") = "TestCase", "TestCase\TestCase.csproj", "{483B1601-FC8D-427E-95EF-021E3C89DE3E}"
EndProject
Project("{FAE04EC0-301F-11D3-BF4B-00C04F79EFBC}") = "Payroll_Web_Application", "Payroll_Web_Application\Payroll_Web_Application.csproj", "{0D643693-0A82-4BB9-AFAE-C723DFF8FF38}"
EndProject
Global
	GlobalSection(SolutionConfigurationPlatforms) = preSolution
		Debug|Any CPU = Debug|Any CPU
		Release|Any CPU = Release|Any CPU
	EndGlobalSection
	GlobalSection(ProjectConfigurationPlatforms) = postSolution
		{721C38D5-6941-40C0-A20A-4A0D0D4FFEA7}.Debug|Any CPU.ActiveCfg = Debug|Any CPU
		{721C38D5-6941-40C0-A20A-4A0D0D4FFEA7}.Debug|Any CPU.Build.0 = Debug|Any CPU
		{721C38D5-6941-40C0-A20A-4A0D0D4FFEA7}.Release|Any CPU.ActiveCfg = Release|Any CPU
		{721C38D5-6941-40C0-A20A-4A0D0D4FFEA7}.Release|Any CPU.Build.0 = Release|Any CPU
		{483B1601-FC8D-427E-95EF-021E3C89DE3E}.Debug|Any CPU.ActiveCfg = Debug|Any CPU
		{483B1601-FC8D-427E-95EF-021E3C89DE3E}.Debug|Any CPU.Build.0 = Debug|Any CPU
		{483B1601-FC8D-427E-95EF-021E3C89DE3E}.Release|Any CPU.ActiveCfg = Release|Any CPU
		{483B1601-FC8D-427E-95EF-021E3C89DE3E}.Release|Any CPU.Build.0 = Release|Any CPU
		{0D643693-0A82-4BB9-AFAE-C723DFF8FF38}.Debug|Any CPU.ActiveCfg = Debug|Any CPU
		{0D643693-0A82-4BB9-AFAE-C723DFF8FF38}.Debug|Any CPU.Build.0 = Debug|Any CPU
		{0D643693-0A82-4BB9-AFAE-C723DFF8FF38}.Release|Any CPU.ActiveCfg = Release|Any CPU
		{0D643693-0A82-4BB9-AFAE-C723DFF8FF38}.Release|Any CPU.Build.0 = Release|Any CPU
	EndGlobalSection
	GlobalSection(SolutionProperties) = preSolution
		HideSolutionNode = FALSE
	EndGlobalSection
	GlobalSection(ExtensibilityGlobals) = postSolution
		SolutionGuid = {A566437A-468A-4ADE-AE3E-58B359B6512F}
	EndGlobalSection
EndGlobal
